// !$*UTF8*$!
{
	archiveVersion = 1;
	classes = {
	};
	objectVersion = 50;
	objects = {

/* Begin PBXBuildFile section */
		7C7B1878265D675200CC6A04 /* NewTakeNote.xcdatamodeld in Sources */ = {isa = PBXBuildFile; fileRef = 7C7B1876265D675200CC6A04 /* NewTakeNote.xcdatamodeld */; };
		7C85296A265D304500D74FEC /* TakeNoteApp.swift in Sources */ = {isa = PBXBuildFile; fileRef = 7C852969265D304500D74FEC /* TakeNoteApp.swift */; };
		7C85296C265D304500D74FEC /* ContentView.swift in Sources */ = {isa = PBXBuildFile; fileRef = 7C85296B265D304500D74FEC /* ContentView.swift */; };
		7C85296E265D304700D74FEC /* Assets.xcassets in Resources */ = {isa = PBXBuildFile; fileRef = 7C85296D265D304700D74FEC /* Assets.xcassets */; };
		7C852971265D304700D74FEC /* Preview Assets.xcassets in Resources */ = {isa = PBXBuildFile; fileRef = 7C852970265D304700D74FEC /* Preview Assets.xcassets */; };
		7C852973265D304700D74FEC /* Persistence.swift in Sources */ = {isa = PBXBuildFile; fileRef = 7C852972265D304700D74FEC /* Persistence.swift */; };
		7C852982265D34E800D74FEC /* Home.swift in Sources */ = {isa = PBXBuildFile; fileRef = 7C852981265D34E800D74FEC /* Home.swift */; };
		7C852984265D351B00D74FEC /* HomeViewModel.swift in Sources */ = {isa = PBXBuildFile; fileRef = 7C852983265D351B00D74FEC /* HomeViewModel.swift */; };
		7C852986265D366D00D74FEC /* NewDataView.swift in Sources */ = {isa = PBXBuildFile; fileRef = 7C852985265D366D00D74FEC /* NewDataView.swift */; };
		7C852988265D471800D74FEC /* DateButton.swift in Sources */ = {isa = PBXBuildFile; fileRef = 7C852987265D471800D74FEC /* DateButton.swift */; };
/* End PBXBuildFile section */

/* Begin PBXFileReference section */
		7C7B1877265D675200CC6A04 /* NewTakeNote.xcdatamodel */ = {isa = PBXFileReference; lastKnownFileType = wrapper.xcdatamodel; path = NewTakeNote.xcdatamodel; sourceTree = "<group>"; };
		7C852966265D304500D74FEC /* TakeNote.app */ = {isa = PBXFileReference; explicitFileType = wrapper.application; includeInIndex = 0; path = TakeNote.app; sourceTree = BUILT_PRODUCTS_DIR; };
		7C852969265D304500D74FEC /* TakeNoteApp.swift */ = {isa = PBXFileReference; lastKnownFileType = sourcecode.swift; path = TakeNoteApp.swift; sourceTree = "<group>"; };
		7C85296B265D304500D74FEC /* ContentView.swift */ = {isa = PBXFileReference; lastKnownFileType = sourcecode.swift; path = ContentView.swift; sourceTree = "<group>"; };
		7C85296D265D304700D74FEC /* Assets.xcassets */ = {isa = PBXFileReference; lastKnownFileType = folder.assetcatalog; path = Assets.xcassets; sourceTree = "<group>"; };
		7C852970265D304700D74FEC /* Preview Assets.xcassets */ = {isa = PBXFileReference; lastKnownFileType = folder.assetcatalog; path = "Preview Assets.xcassets"; sourceTree = "<group>"; };
		7C852972265D304700D74FEC /* Persistence.swift */ = {isa = PBXFileReference; lastKnownFileType = sourcecode.swift; path = Persistence.swift; sourceTree = "<group>"; };
		7C852977265D304700D74FEC /* Info.plist */ = {isa = PBXFileReference; lastKnownFileType = text.plist.xml; path = Info.plist; sourceTree = "<group>"; };
		7C852981265D34E800D74FEC /* Home.swift */ = {isa = PBXFileReference; lastKnownFileType = sourcecode.swift; path = Home.swift; sourceTree = "<group>"; };
		7C852983265D351B00D74FEC /* HomeViewModel.swift */ = {isa = PBXFileReference; lastKnownFileType = sourcecode.swift; path = HomeViewModel.swift; sourceTree = "<group>"; };
		7C852985265D366D00D74FEC /* NewDataView.swift */ = {isa = PBXFileReference; lastKnownFileType = sourcecode.swift; path = NewDataView.swift; sourceTree = "<group>"; };
		7C852987265D471800D74FEC /* DateButton.swift */ = {isa = PBXFileReference; lastKnownFileType = sourcecode.swift; path = DateButton.swift; sourceTree = "<group>"; };
/* End PBXFileReference section */

/* Begin PBXFrameworksBuildPhase section */
		7C852963265D304500D74FEC /* Frameworks */ = {
			isa = PBXFrameworksBuildPhase;
			buildActionMask = 2147483647;
			files = (
			);
			runOnlyForDeploymentPostprocessing = 0;
		};
/* End PBXFrameworksBuildPhase section */

/* Begin PBXGroup section */
		7C85295D265D304500D74FEC = {
			isa = PBXGroup;
			children = (
				7C852968265D304500D74FEC /* TakeNote */,
				7C852967265D304500D74FEC /* Products */,
			);
			sourceTree = "<group>";
		};
		7C852967265D304500D74FEC /* Products */ = {
			isa = PBXGroup;
			children = (
				7C852966265D304500D74FEC /* TakeNote.app */,
			);
			name = Products;
			sourceTree = "<group>";
		};
		7C852968265D304500D74FEC /* TakeNote */ = {
			isa = PBXGroup;
			children = (
				7C85297E265D34AE00D74FEC /* ViewModel */,
				7C85297D265D349300D74FEC /* View */,
				7C852969265D304500D74FEC /* TakeNoteApp.swift */,
				7C85296B265D304500D74FEC /* ContentView.swift */,
				7C85296D265D304700D74FEC /* Assets.xcassets */,
				7C852972265D304700D74FEC /* Persistence.swift */,
				7C852977265D304700D74FEC /* Info.plist */,
				7C7B1876265D675200CC6A04 /* NewTakeNote.xcdatamodeld */,
				7C85296F265D304700D74FEC /* Preview Content */,
			);
			path = TakeNote;
			sourceTree = "<group>";
		};
		7C85296F265D304700D74FEC /* Preview Content */ = {
			isa = PBXGroup;
			children = (
				7C852970265D304700D74FEC /* Preview Assets.xcassets */,
			);
			path = "Preview Content";
			sourceTree = "<group>";
		};
		7C85297D265D349300D74FEC /* View */ = {
			isa = PBXGroup;
			children = (
				7C852981265D34E800D74FEC /* Home.swift */,
				7C852985265D366D00D74FEC /* NewDataView.swift */,
				7C852987265D471800D74FEC /* DateButton.swift */,
			);
			path = View;
			sourceTree = "<group>";
		};
		7C85297E265D34AE00D74FEC /* ViewModel */ = {
			isa = PBXGroup;
			children = (
				7C852983265D351B00D74FEC /* HomeViewModel.swift */,
			);
			path = ViewModel;
			sourceTree = "<group>";
		};
/* End PBXGroup section */

/* Begin PBXNativeTarget section */
		7C852965265D304500D74FEC /* TakeNote */ = {
			isa = PBXNativeTarget;
			buildConfigurationList = 7C85297A265D304700D74FEC /* Build configuration list for PBXNativeTarget "TakeNote" */;
			buildPhases = (
				7C852962265D304500D74FEC /* Sources */,
				7C852963265D304500D74FEC /* Frameworks */,
				7C852964265D304500D74FEC /* Resources */,
			);
			buildRules = (
			);
			dependencies = (
			);
			name = TakeNote;
			productName = TakeNote;
			productReference = 7C852966265D304500D74FEC /* TakeNote.app */;
			productType = "com.apple.product-type.application";
		};
/* End PBXNativeTarget section */

/* Begin PBXProject section */
		7C85295E265D304500D74FEC /* Project object */ = {
			isa = PBXProject;
			attributes = {
				LastSwiftUpdateCheck = 1250;
				LastUpgradeCheck = 1250;
				TargetAttributes = {
					7C852965265D304500D74FEC = {
						CreatedOnToolsVersion = 12.5;
					};
				};
			};
			buildConfigurationList = 7C852961265D304500D74FEC /* Build configuration list for PBXProject "TakeNote" */;
			compatibilityVersion = "Xcode 9.3";
			developmentRegion = en;
			hasScannedForEncodings = 0;
			knownRegions = (
				en,
				Base,
			);
			mainGroup = 7C85295D265D304500D74FEC;
			productRefGroup = 7C852967265D304500D74FEC /* Products */;
			projectDirPath = "";
			projectRoot = "";
			targets = (
				7C852965265D304500D74FEC /* TakeNote */,
			);
		};
/* End PBXProject section */

/* Begin PBXResourcesBuildPhase section */
		7C852964265D304500D74FEC /* Resources */ = {
			isa = PBXResourcesBuildPhase;
			buildActionMask = 2147483647;
			files = (
				7C852971265D304700D74FEC /* Preview Assets.xcassets in Resources */,
				7C85296E265D304700D74FEC /* Assets.xcassets in Resources */,
			);
			runOnlyForDeploymentPostprocessing = 0;
		};
/* End PBXResourcesBuildPhase section */

/* Begin PBXSourcesBuildPhase section */
		7C852962265D304500D74FEC /* Sources */ = {
			isa = PBXSourcesBuildPhase;
			buildActionMask = 2147483647;
			files = (
				7C852973265D304700D74FEC /* Persistence.swift in Sources */,
				7C852988265D471800D74FEC /* DateButton.swift in Sources */,
				7C85296C265D304500D74FEC /* ContentView.swift in Sources */,
				7C852982265D34E800D74FEC /* Home.swift in Sources */,
				7C852984265D351B00D74FEC /* HomeViewModel.swift in Sources */,
				7C7B1878265D675200CC6A04 /* NewTakeNote.xcdatamodeld in Sources */,
				7C85296A265D304500D74FEC /* TakeNoteApp.swift in Sources */,
				7C852986265D366D00D74FEC /* NewDataView.swift in Sources */,
			);
			runOnlyForDeploymentPostprocessing = 0;
		};
/* End PBXSourcesBuildPhase section */

/* Begin XCBuildConfiguration section */
		7C852978265D304700D74FEC /* Debug */ = {
			isa = XCBuildConfiguration;
			buildSettings = {
				ALWAYS_SEARCH_USER_PATHS = NO;
				CLANG_ANALYZER_NONNULL = YES;
				CLANG_ANALYZER_NUMBER_OBJECT_CONVERSION = YES_AGGRESSIVE;
				CLANG_CXX_LANGUAGE_STANDARD = "gnu++14";
				CLANG_CXX_LIBRARY = "libc++";
				CLANG_ENABLE_MODULES = YES;
				CLANG_ENABLE_OBJC_ARC = YES;
				CLANG_ENABLE_OBJC_WEAK = YES;
				CLANG_WARN_BLOCK_CAPTURE_AUTORELEASING = YES;
				CLANG_WARN_BOOL_CONVERSION = YES;
				CLANG_WARN_COMMA = YES;
				CLANG_WARN_CONSTANT_CONVERSION = YES;
				CLANG_WARN_DEPRECATED_OBJC_IMPLEMENTATIONS = YES;
				CLANG_WARN_DIRECT_OBJC_ISA_USAGE = YES_ERROR;
				CLANG_WARN_DOCUMENTATION_COMMENTS = YES;
				CLANG_WARN_EMPTY_BODY = YES;
				CLANG_WARN_ENUM_CONVERSION = YES;
				CLANG_WARN_INFINITE_RECURSION = YES;
				CLANG_WARN_INT_CONVERSION = YES;
				CLANG_WARN_NON_LITERAL_NULL_CONVERSION = YES;
				CLANG_WARN_OBJC_IMPLICIT_RETAIN_SELF = YES;
				CLANG_WARN_OBJC_LITERAL_CONVERSION = YES;
				CLANG_WARN_OBJC_ROOT_CLASS = YES_ERROR;
				CLANG_WARN_QUOTED_INCLUDE_IN_FRAMEWORK_HEADER = YES;
				CLANG_WARN_RANGE_LOOP_ANALYSIS = YES;
				CLANG_WARN_STRICT_PROTOTYPES = YES;
				CLANG_WARN_SUSPICIOUS_MOVE = YES;
				CLANG_WARN_UNGUARDED_AVAILABILITY = YES_AGGRESSIVE;
				CLANG_WARN_UNREACHABLE_CODE = YES;
				CLANG_WARN__DUPLICATE_METHOD_MATCH = YES;
				COPY_PHASE_STRIP = NO;
				DEBUG_INFORMATION_FORMAT = dwarf;
				ENABLE_STRICT_OBJC_MSGSEND = YES;
				ENABLE_TESTABILITY = YES;
				GCC_C_LANGUAGE_STANDARD = gnu11;
				GCC_DYNAMIC_NO_PIC = NO;
				GCC_NO_COMMON_BLOCKS = YES;
				GCC_OPTIMIZATION_LEVEL = 0;
				GCC_PREPROCESSOR_DEFINITIONS = (
					"DEBUG=1",
					"$(inherited)",
				);
				GCC_WARN_64_TO_32_BIT_CONVERSION = YES;
				GCC_WARN_ABOUT_RETURN_TYPE = YES_ERROR;
				GCC_WARN_UNDECLARED_SELECTOR = YES;
				GCC_WARN_UNINITIALIZED_AUTOS = YES_AGGRESSIVE;
				GCC_WARN_UNUSED_FUNCTION = YES;
				GCC_WARN_UNUSED_VARIABLE = YES;
				IPHONEOS_DEPLOYMENT_TARGET = 14.5;
				MTL_ENABLE_DEBUG_INFO = INCLUDE_SOURCE;
				MTL_FAST_MATH = YES;
				ONLY_ACTIVE_ARCH = YES;
				SDKROOT = iphoneos;
				SWIFT_ACTIVE_COMPILATION_CONDITIONS = DEBUG;
				SWIFT_OPTIMIZATION_LEVEL = "-Onone";
			};
			name = Debug;
		};
		7C852979265D304700D74FEC /* Release */ = {
			isa = XCBuildConfiguration;
			buildSettings = {
				ALWAYS_SEARCH_USER_PATHS = NO;
				CLANG_ANALYZER_NONNULL = YES;
				CLANG_ANALYZER_NUMBER_OBJECT_CONVERSION = YES_AGGRESSIVE;
				CLANG_CXX_LANGUAGE_STANDARD = "gnu++14";
				CLANG_CXX_LIBRARY = "libc++";
				CLANG_ENABLE_MODULES = YES;
				CLANG_ENABLE_OBJC_ARC = YES;
				CLANG_ENABLE_OBJC_WEAK = YES;
				CLANG_WARN_BLOCK_CAPTURE_AUTORELEASING = YES;
				CLANG_WARN_BOOL_CONVERSION = YES;
				CLANG_WARN_COMMA = YES;
				CLANG_WARN_CONSTANT_CONVERSION = YES;
				CLANG_WARN_DEPRECATED_OBJC_IMPLEMENTATIONS = YES;
				CLANG_WARN_DIRECT_OBJC_ISA_USAGE = YES_ERROR;
				CLANG_WARN_DOCUMENTATION_COMMENTS = YES;
				CLANG_WARN_EMPTY_BODY = YES;
				CLANG_WARN_ENUM_CONVERSION = YES;
				CLANG_WARN_INFINITE_RECURSION = YES;
				CLANG_WARN_INT_CONVERSION = YES;
				CLANG_WARN_NON_LITERAL_NULL_CONVERSION = YES;
				CLANG_WARN_OBJC_IMPLICIT_RETAIN_SELF = YES;
				CLANG_WARN_OBJC_LITERAL_CONVERSION = YES;
				CLANG_WARN_OBJC_ROOT_CLASS = YES_ERROR;
				CLANG_WARN_QUOTED_INCLUDE_IN_FRAMEWORK_HEADER = YES;
				CLANG_WARN_RANGE_LOOP_ANALYSIS = YES;
				CLANG_WARN_STRICT_PROTOTYPES = YES;
				CLANG_WARN_SUSPICIOUS_MOVE = YES;
				CLANG_WARN_UNGUARDED_AVAILABILITY = YES_AGGRESSIVE;
				CLANG_WARN_UNREACHABLE_CODE = YES;
				CLANG_WARN__DUPLICATE_METHOD_MATCH = YES;
				COPY_PHASE_STRIP = NO;
				DEBUG_INFORMATION_FORMAT = "dwarf-with-dsym";
				ENABLE_NS_ASSERTIONS = NO;
				ENABLE_STRICT_OBJC_MSGSEND = YES;
				GCC_C_LANGUAGE_STANDARD = gnu11;
				GCC_NO_COMMON_BLOCKS = YES;
				GCC_WARN_64_TO_32_BIT_CONVERSION = YES;
				GCC_WARN_ABOUT_RETURN_TYPE = YES_ERROR;
				GCC_WARN_UNDECLARED_SELECTOR = YES;
				GCC_WARN_UNINITIALIZED_AUTOS = YES_AGGRESSIVE;
				GCC_WARN_UNUSED_FUNCTION = YES;
				GCC_WARN_UNUSED_VARIABLE = YES;
				IPHONEOS_DEPLOYMENT_TARGET = 14.5;
				MTL_ENABLE_DEBUG_INFO = NO;
				MTL_FAST_MATH = YES;
				SDKROOT = iphoneos;
				SWIFT_COMPILATION_MODE = wholemodule;
				SWIFT_OPTIMIZATION_LEVEL = "-O";
				VALIDATE_PRODUCT = YES;
			};
			name = Release;
		};
		7C85297B265D304700D74FEC /* Debug */ = {
			isa = XCBuildConfiguration;
			buildSettings = {
				ASSETCATALOG_COMPILER_APPICON_NAME = AppIcon;
				ASSETCATALOG_COMPILER_GLOBAL_ACCENT_COLOR_NAME = AccentColor;
				CODE_SIGN_STYLE = Automatic;
				DEVELOPMENT_ASSET_PATHS = "\"TakeNote/Preview Content\"";
				DEVELOPMENT_TEAM = 47FU3Y4972;
				ENABLE_PREVIEWS = YES;
				INFOPLIST_FILE = TakeNote/Info.plist;
				IPHONEOS_DEPLOYMENT_TARGET = 14.0;
				LD_RUNPATH_SEARCH_PATHS = (
					"$(inherited)",
					"@executable_path/Frameworks",
				);
				PRODUCT_BUNDLE_IDENTIFIER = com.mesutaygun.TakeNote;
				PRODUCT_NAME = "$(TARGET_NAME)";
				SWIFT_VERSION = 5.0;
				TARGETED_DEVICE_FAMILY = "1,2";
			};
			name = Debug;
		};
		7C85297C265D304700D74FEC /* Release */ = {
			isa = XCBuildConfiguration;
			buildSettings = {
				ASSETCATALOG_COMPILER_APPICON_NAME = AppIcon;
				ASSETCATALOG_COMPILER_GLOBAL_ACCENT_COLOR_NAME = AccentColor;
				CODE_SIGN_STYLE = Automatic;
				DEVELOPMENT_ASSET_PATHS = "\"TakeNote/Preview Content\"";
				DEVELOPMENT_TEAM = 47FU3Y4972;
				ENABLE_PREVIEWS = YES;
				INFOPLIST_FILE = TakeNote/Info.plist;
				IPHONEOS_DEPLOYMENT_TARGET = 14.0;
				LD_RUNPATH_SEARCH_PATHS = (
					"$(inherited)",
					"@executable_path/Frameworks",
				);
				PRODUCT_BUNDLE_IDENTIFIER = com.mesutaygun.TakeNote;
				PRODUCT_NAME = "$(TARGET_NAME)";
				SWIFT_VERSION = 5.0;
				TARGETED_DEVICE_FAMILY = "1,2";
			};
			name = Release;
		};
/* End XCBuildConfiguration section */

/* Begin XCConfigurationList section */
		7C852961265D304500D74FEC /* Build configuration list for PBXProject "TakeNote" */ = {
			isa = XCConfigurationList;
			buildConfigurations = (
				7C852978265D304700D74FEC /* Debug */,
				7C852979265D304700D74FEC /* Release */,
			);
			defaultConfigurationIsVisible = 0;
			defaultConfigurationName = Release;
		};
		7C85297A265D304700D74FEC /* Build configuration list for PBXNativeTarget "TakeNote" */ = {
			isa = XCConfigurationList;
			buildConfigurations = (
				7C85297B265D304700D74FEC /* Debug */,
				7C85297C265D304700D74FEC /* Release */,
			);
			defaultConfigurationIsVisible = 0;
			defaultConfigurationName = Release;
		};
/* End XCConfigurationList section */

/* Begin XCVersionGroup section */
		7C7B1876265D675200CC6A04 /* NewTakeNote.xcdatamodeld */ = {
			isa = XCVersionGroup;
			children = (
				7C7B1877265D675200CC6A04 /* NewTakeNote.xcdatamodel */,
			);
			currentVersion = 7C7B1877265D675200CC6A04 /* NewTakeNote.xcdatamodel */;
			path = NewTakeNote.xcdatamodeld;
			sourceTree = "<group>";
			versionGroupType = wrapper.xcdatamodel;
		};
/* End XCVersionGroup section */
	};
	rootObject = 7C85295E265D304500D74FEC /* Project object */;
}
